// !$*UTF8*$!
{
	archiveVersion = 1;
	classes = {
	};
	objectVersion = 50;
	objects = {

/* Begin PBXBuildFile section */
		6324556F239F28A700E7D32C /* AppDelegate.swift in Sources */ = {isa = PBXBuildFile; fileRef = 6324556E239F28A700E7D32C /* AppDelegate.swift */; };
		63245571239F28A700E7D32C /* SceneDelegate.swift in Sources */ = {isa = PBXBuildFile; fileRef = 63245570239F28A700E7D32C /* SceneDelegate.swift */; };
		63245573239F28A700E7D32C /* ViewController.swift in Sources */ = {isa = PBXBuildFile; fileRef = 63245572239F28A700E7D32C /* ViewController.swift */; };
		63245576239F28A700E7D32C /* Main.storyboard in Resources */ = {isa = PBXBuildFile; fileRef = 63245574239F28A700E7D32C /* Main.storyboard */; };
		63245578239F28A800E7D32C /* Assets.xcassets in Resources */ = {isa = PBXBuildFile; fileRef = 63245577239F28A800E7D32C /* Assets.xcassets */; };
		6324557B239F28A800E7D32C /* LaunchScreen.storyboard in Resources */ = {isa = PBXBuildFile; fileRef = 63245579239F28A800E7D32C /* LaunchScreen.storyboard */; };
		63245586239F28A800E7D32C /* DroidKaigi_2020Tests.swift in Sources */ = {isa = PBXBuildFile; fileRef = 63245585239F28A800E7D32C /* DroidKaigi_2020Tests.swift */; };
		63245591239F28A800E7D32C /* DroidKaigi_2020UITests.swift in Sources */ = {isa = PBXBuildFile; fileRef = 63245590239F28A800E7D32C /* DroidKaigi_2020UITests.swift */; };
		63CDCDCD23AF66170022D3DD /* api.framework in CopyFiles */ = {isa = PBXBuildFile; fileRef = 63CDCDCA23AF62BF0022D3DD /* api.framework */; settings = {ATTRIBUTES = (CodeSignOnCopy, RemoveHeadersOnCopy, ); }; };
/* End PBXBuildFile section */

/* Begin PBXContainerItemProxy section */
		63245582239F28A800E7D32C /* PBXContainerItemProxy */ = {
			isa = PBXContainerItemProxy;
			containerPortal = 63245563239F28A700E7D32C /* Project object */;
			proxyType = 1;
			remoteGlobalIDString = 6324556A239F28A700E7D32C;
			remoteInfo = "DroidKaigi 2020";
		};
		6324558D239F28A800E7D32C /* PBXContainerItemProxy */ = {
			isa = PBXContainerItemProxy;
			containerPortal = 63245563239F28A700E7D32C /* Project object */;
			proxyType = 1;
			remoteGlobalIDString = 6324556A239F28A700E7D32C;
			remoteInfo = "DroidKaigi 2020";
		};
/* End PBXContainerItemProxy section */

/* Begin PBXCopyFilesBuildPhase section */
		63CDCDCC23AF660A0022D3DD /* CopyFiles */ = {
			isa = PBXCopyFilesBuildPhase;
			buildActionMask = 2147483647;
			dstPath = "";
			dstSubfolderSpec = 10;
			files = (
				63CDCDCD23AF66170022D3DD /* api.framework in CopyFiles */,
			);
			runOnlyForDeploymentPostprocessing = 0;
		};
/* End PBXCopyFilesBuildPhase section */

/* Begin PBXFileReference section */
		6324556B239F28A700E7D32C /* DroidKaigi 2020.app */ = {isa = PBXFileReference; explicitFileType = wrapper.application; includeInIndex = 0; path = "DroidKaigi 2020.app"; sourceTree = BUILT_PRODUCTS_DIR; };
		6324556E239F28A700E7D32C /* AppDelegate.swift */ = {isa = PBXFileReference; lastKnownFileType = sourcecode.swift; path = AppDelegate.swift; sourceTree = "<group>"; };
		63245570239F28A700E7D32C /* SceneDelegate.swift */ = {isa = PBXFileReference; lastKnownFileType = sourcecode.swift; path = SceneDelegate.swift; sourceTree = "<group>"; };
		63245572239F28A700E7D32C /* ViewController.swift */ = {isa = PBXFileReference; lastKnownFileType = sourcecode.swift; path = ViewController.swift; sourceTree = "<group>"; };
		63245575239F28A700E7D32C /* Base */ = {isa = PBXFileReference; lastKnownFileType = file.storyboard; name = Base; path = Base.lproj/Main.storyboard; sourceTree = "<group>"; };
		63245577239F28A800E7D32C /* Assets.xcassets */ = {isa = PBXFileReference; lastKnownFileType = folder.assetcatalog; path = Assets.xcassets; sourceTree = "<group>"; };
		6324557A239F28A800E7D32C /* Base */ = {isa = PBXFileReference; lastKnownFileType = file.storyboard; name = Base; path = Base.lproj/LaunchScreen.storyboard; sourceTree = "<group>"; };
		6324557C239F28A800E7D32C /* Info.plist */ = {isa = PBXFileReference; lastKnownFileType = text.plist.xml; path = Info.plist; sourceTree = "<group>"; };
		63245581239F28A800E7D32C /* DroidKaigi 2020Tests.xctest */ = {isa = PBXFileReference; explicitFileType = wrapper.cfbundle; includeInIndex = 0; path = "DroidKaigi 2020Tests.xctest"; sourceTree = BUILT_PRODUCTS_DIR; };
		63245585239F28A800E7D32C /* DroidKaigi_2020Tests.swift */ = {isa = PBXFileReference; lastKnownFileType = sourcecode.swift; path = DroidKaigi_2020Tests.swift; sourceTree = "<group>"; };
		63245587239F28A800E7D32C /* Info.plist */ = {isa = PBXFileReference; lastKnownFileType = text.plist.xml; path = Info.plist; sourceTree = "<group>"; };
		6324558C239F28A800E7D32C /* DroidKaigi 2020UITests.xctest */ = {isa = PBXFileReference; explicitFileType = wrapper.cfbundle; includeInIndex = 0; path = "DroidKaigi 2020UITests.xctest"; sourceTree = BUILT_PRODUCTS_DIR; };
		63245590239F28A800E7D32C /* DroidKaigi_2020UITests.swift */ = {isa = PBXFileReference; lastKnownFileType = sourcecode.swift; path = DroidKaigi_2020UITests.swift; sourceTree = "<group>"; };
		63245592239F28A800E7D32C /* Info.plist */ = {isa = PBXFileReference; lastKnownFileType = text.plist.xml; path = Info.plist; sourceTree = "<group>"; };
		63CDCDCA23AF62BF0022D3DD /* api.framework */ = {isa = PBXFileReference; lastKnownFileType = wrapper.framework; name = api.framework; path = ../data/api/build/bin/iosX64/debugFramework/api.framework; sourceTree = "<group>"; };
/* End PBXFileReference section */

/* Begin PBXFrameworksBuildPhase section */
		63245568239F28A700E7D32C /* Frameworks */ = {
			isa = PBXFrameworksBuildPhase;
			buildActionMask = 2147483647;
			files = (
			);
			runOnlyForDeploymentPostprocessing = 0;
		};
		6324557E239F28A800E7D32C /* Frameworks */ = {
			isa = PBXFrameworksBuildPhase;
			buildActionMask = 2147483647;
			files = (
			);
			runOnlyForDeploymentPostprocessing = 0;
		};
		63245589239F28A800E7D32C /* Frameworks */ = {
			isa = PBXFrameworksBuildPhase;
			buildActionMask = 2147483647;
			files = (
			);
			runOnlyForDeploymentPostprocessing = 0;
		};
/* End PBXFrameworksBuildPhase section */

/* Begin PBXGroup section */
		63245562239F28A700E7D32C = {
			isa = PBXGroup;
			children = (
				63CDCDCA23AF62BF0022D3DD /* api.framework */,
				6324556D239F28A700E7D32C /* DroidKaigi 2020 */,
				63245584239F28A800E7D32C /* DroidKaigi 2020Tests */,
				6324558F239F28A800E7D32C /* DroidKaigi 2020UITests */,
				6324556C239F28A700E7D32C /* Products */,
			);
			sourceTree = "<group>";
		};
		6324556C239F28A700E7D32C /* Products */ = {
			isa = PBXGroup;
			children = (
				6324556B239F28A700E7D32C /* DroidKaigi 2020.app */,
				63245581239F28A800E7D32C /* DroidKaigi 2020Tests.xctest */,
				6324558C239F28A800E7D32C /* DroidKaigi 2020UITests.xctest */,
			);
			name = Products;
			sourceTree = "<group>";
		};
		6324556D239F28A700E7D32C /* DroidKaigi 2020 */ = {
			isa = PBXGroup;
			children = (
				6324556E239F28A700E7D32C /* AppDelegate.swift */,
				63245570239F28A700E7D32C /* SceneDelegate.swift */,
				63245572239F28A700E7D32C /* ViewController.swift */,
				63245574239F28A700E7D32C /* Main.storyboard */,
				63245577239F28A800E7D32C /* Assets.xcassets */,
				63245579239F28A800E7D32C /* LaunchScreen.storyboard */,
				6324557C239F28A800E7D32C /* Info.plist */,
			);
			path = "DroidKaigi 2020";
			sourceTree = "<group>";
		};
		63245584239F28A800E7D32C /* DroidKaigi 2020Tests */ = {
			isa = PBXGroup;
			children = (
				63245585239F28A800E7D32C /* DroidKaigi_2020Tests.swift */,
				63245587239F28A800E7D32C /* Info.plist */,
			);
			path = "DroidKaigi 2020Tests";
			sourceTree = "<group>";
		};
		6324558F239F28A800E7D32C /* DroidKaigi 2020UITests */ = {
			isa = PBXGroup;
			children = (
				63245590239F28A800E7D32C /* DroidKaigi_2020UITests.swift */,
				63245592239F28A800E7D32C /* Info.plist */,
			);
			path = "DroidKaigi 2020UITests";
			sourceTree = "<group>";
		};
/* End PBXGroup section */

/* Begin PBXNativeTarget section */
		6324556A239F28A700E7D32C /* DroidKaigi 2020 */ = {
			isa = PBXNativeTarget;
			buildConfigurationList = 63245595239F28A800E7D32C /* Build configuration list for PBXNativeTarget "DroidKaigi 2020" */;
			buildPhases = (
				182382E923D2DEB00053C53B /* Build Kotlin Modules */,
				63CDCDCC23AF660A0022D3DD /* CopyFiles */,
				63245567239F28A700E7D32C /* Sources */,
				63245568239F28A700E7D32C /* Frameworks */,
				63245569239F28A700E7D32C /* Resources */,
			);
			buildRules = (
			);
			dependencies = (
			);
			name = "DroidKaigi 2020";
			productName = "DroidKaigi 2020";
			productReference = 6324556B239F28A700E7D32C /* DroidKaigi 2020.app */;
			productType = "com.apple.product-type.application";
		};
		63245580239F28A800E7D32C /* DroidKaigi 2020Tests */ = {
			isa = PBXNativeTarget;
			buildConfigurationList = 63245598239F28A800E7D32C /* Build configuration list for PBXNativeTarget "DroidKaigi 2020Tests" */;
			buildPhases = (
				6324557D239F28A800E7D32C /* Sources */,
				6324557E239F28A800E7D32C /* Frameworks */,
				6324557F239F28A800E7D32C /* Resources */,
			);
			buildRules = (
			);
			dependencies = (
				63245583239F28A800E7D32C /* PBXTargetDependency */,
			);
			name = "DroidKaigi 2020Tests";
			productName = "DroidKaigi 2020Tests";
			productReference = 63245581239F28A800E7D32C /* DroidKaigi 2020Tests.xctest */;
			productType = "com.apple.product-type.bundle.unit-test";
		};
		6324558B239F28A800E7D32C /* DroidKaigi 2020UITests */ = {
			isa = PBXNativeTarget;
			buildConfigurationList = 6324559B239F28A800E7D32C /* Build configuration list for PBXNativeTarget "DroidKaigi 2020UITests" */;
			buildPhases = (
				63245588239F28A800E7D32C /* Sources */,
				63245589239F28A800E7D32C /* Frameworks */,
				6324558A239F28A800E7D32C /* Resources */,
			);
			buildRules = (
			);
			dependencies = (
				6324558E239F28A800E7D32C /* PBXTargetDependency */,
			);
			name = "DroidKaigi 2020UITests";
			productName = "DroidKaigi 2020UITests";
			productReference = 6324558C239F28A800E7D32C /* DroidKaigi 2020UITests.xctest */;
			productType = "com.apple.product-type.bundle.ui-testing";
		};
/* End PBXNativeTarget section */

/* Begin PBXProject section */
		63245563239F28A700E7D32C /* Project object */ = {
			isa = PBXProject;
			attributes = {
				LastSwiftUpdateCheck = 1120;
				LastUpgradeCheck = 1120;
				ORGANIZATIONNAME = DroidKaigi;
				TargetAttributes = {
					6324556A239F28A700E7D32C = {
						CreatedOnToolsVersion = 11.2.1;
					};
					63245580239F28A800E7D32C = {
						CreatedOnToolsVersion = 11.2.1;
						TestTargetID = 6324556A239F28A700E7D32C;
					};
					6324558B239F28A800E7D32C = {
						CreatedOnToolsVersion = 11.2.1;
						TestTargetID = 6324556A239F28A700E7D32C;
					};
				};
			};
			buildConfigurationList = 63245566239F28A700E7D32C /* Build configuration list for PBXProject "DroidKaigi 2020" */;
			compatibilityVersion = "Xcode 9.3";
			developmentRegion = en;
			hasScannedForEncodings = 0;
			knownRegions = (
				en,
				Base,
			);
			mainGroup = 63245562239F28A700E7D32C;
			productRefGroup = 6324556C239F28A700E7D32C /* Products */;
			projectDirPath = "";
			projectRoot = "";
			targets = (
				6324556A239F28A700E7D32C /* DroidKaigi 2020 */,
				63245580239F28A800E7D32C /* DroidKaigi 2020Tests */,
				6324558B239F28A800E7D32C /* DroidKaigi 2020UITests */,
			);
		};
/* End PBXProject section */

/* Begin PBXResourcesBuildPhase section */
		63245569239F28A700E7D32C /* Resources */ = {
			isa = PBXResourcesBuildPhase;
			buildActionMask = 2147483647;
			files = (
				6324557B239F28A800E7D32C /* LaunchScreen.storyboard in Resources */,
				63245578239F28A800E7D32C /* Assets.xcassets in Resources */,
				63245576239F28A700E7D32C /* Main.storyboard in Resources */,
			);
			runOnlyForDeploymentPostprocessing = 0;
		};
		6324557F239F28A800E7D32C /* Resources */ = {
			isa = PBXResourcesBuildPhase;
			buildActionMask = 2147483647;
			files = (
			);
			runOnlyForDeploymentPostprocessing = 0;
		};
		6324558A239F28A800E7D32C /* Resources */ = {
			isa = PBXResourcesBuildPhase;
			buildActionMask = 2147483647;
			files = (
			);
			runOnlyForDeploymentPostprocessing = 0;
		};
/* End PBXResourcesBuildPhase section */

/* Begin PBXShellScriptBuildPhase section */
		182382E923D2DEB00053C53B /* Build Kotlin Modules */ = {
			isa = PBXShellScriptBuildPhase;
			buildActionMask = 2147483647;
			files = (
			);
			inputFileListPaths = (
			);
			inputPaths = (
			);
			name = "Build Kotlin Modules";
			outputFileListPaths = (
			);
			outputPaths = (
			);
			runOnlyForDeploymentPostprocessing = 0;
			shellPath = /bin/sh;
			shellScript = "cd \"$SRCROOT/..\"\n./gradlew \":data:api:linkIosX64\" -PXCODE_CONFIGURATION=${CONFIGURATION}\n";
		};
/* End PBXShellScriptBuildPhase section */

/* Begin PBXSourcesBuildPhase section */
		63245567239F28A700E7D32C /* Sources */ = {
			isa = PBXSourcesBuildPhase;
			buildActionMask = 2147483647;
			files = (
				63245573239F28A700E7D32C /* ViewController.swift in Sources */,
				6324556F239F28A700E7D32C /* AppDelegate.swift in Sources */,
				63245571239F28A700E7D32C /* SceneDelegate.swift in Sources */,
			);
			runOnlyForDeploymentPostprocessing = 0;
		};
		6324557D239F28A800E7D32C /* Sources */ = {
			isa = PBXSourcesBuildPhase;
			buildActionMask = 2147483647;
			files = (
				63245586239F28A800E7D32C /* DroidKaigi_2020Tests.swift in Sources */,
			);
			runOnlyForDeploymentPostprocessing = 0;
		};
		63245588239F28A800E7D32C /* Sources */ = {
			isa = PBXSourcesBuildPhase;
			buildActionMask = 2147483647;
			files = (
				63245591239F28A800E7D32C /* DroidKaigi_2020UITests.swift in Sources */,
			);
			runOnlyForDeploymentPostprocessing = 0;
		};
/* End PBXSourcesBuildPhase section */

/* Begin PBXTargetDependency section */
		63245583239F28A800E7D32C /* PBXTargetDependency */ = {
			isa = PBXTargetDependency;
			target = 6324556A239F28A700E7D32C /* DroidKaigi 2020 */;
			targetProxy = 63245582239F28A800E7D32C /* PBXContainerItemProxy */;
		};
		6324558E239F28A800E7D32C /* PBXTargetDependency */ = {
			isa = PBXTargetDependency;
			target = 6324556A239F28A700E7D32C /* DroidKaigi 2020 */;
			targetProxy = 6324558D239F28A800E7D32C /* PBXContainerItemProxy */;
		};
/* End PBXTargetDependency section */

/* Begin PBXVariantGroup section */
		63245574239F28A700E7D32C /* Main.storyboard */ = {
			isa = PBXVariantGroup;
			children = (
				63245575239F28A700E7D32C /* Base */,
			);
			name = Main.storyboard;
			sourceTree = "<group>";
		};
		63245579239F28A800E7D32C /* LaunchScreen.storyboard */ = {
			isa = PBXVariantGroup;
			children = (
				6324557A239F28A800E7D32C /* Base */,
			);
			name = LaunchScreen.storyboard;
			sourceTree = "<group>";
		};
/* End PBXVariantGroup section */

/* Begin XCBuildConfiguration section */
		63245593239F28A800E7D32C /* Debug */ = {
			isa = XCBuildConfiguration;
			buildSettings = {
				ALWAYS_SEARCH_USER_PATHS = NO;
				CLANG_ANALYZER_NONNULL = YES;
				CLANG_ANALYZER_NUMBER_OBJECT_CONVERSION = YES_AGGRESSIVE;
				CLANG_CXX_LANGUAGE_STANDARD = "gnu++14";
				CLANG_CXX_LIBRARY = "libc++";
				CLANG_ENABLE_MODULES = YES;
				CLANG_ENABLE_OBJC_ARC = YES;
				CLANG_ENABLE_OBJC_WEAK = YES;
				CLANG_WARN_BLOCK_CAPTURE_AUTORELEASING = YES;
				CLANG_WARN_BOOL_CONVERSION = YES;
				CLANG_WARN_COMMA = YES;
				CLANG_WARN_CONSTANT_CONVERSION = YES;
				CLANG_WARN_DEPRECATED_OBJC_IMPLEMENTATIONS = YES;
				CLANG_WARN_DIRECT_OBJC_ISA_USAGE = YES_ERROR;
				CLANG_WARN_DOCUMENTATION_COMMENTS = YES;
				CLANG_WARN_EMPTY_BODY = YES;
				CLANG_WARN_ENUM_CONVERSION = YES;
				CLANG_WARN_INFINITE_RECURSION = YES;
				CLANG_WARN_INT_CONVERSION = YES;
				CLANG_WARN_NON_LITERAL_NULL_CONVERSION = YES;
				CLANG_WARN_OBJC_IMPLICIT_RETAIN_SELF = YES;
				CLANG_WARN_OBJC_LITERAL_CONVERSION = YES;
				CLANG_WARN_OBJC_ROOT_CLASS = YES_ERROR;
				CLANG_WARN_RANGE_LOOP_ANALYSIS = YES;
				CLANG_WARN_STRICT_PROTOTYPES = YES;
				CLANG_WARN_SUSPICIOUS_MOVE = YES;
				CLANG_WARN_UNGUARDED_AVAILABILITY = YES_AGGRESSIVE;
				CLANG_WARN_UNREACHABLE_CODE = YES;
				CLANG_WARN__DUPLICATE_METHOD_MATCH = YES;
				COPY_PHASE_STRIP = NO;
				DEBUG_INFORMATION_FORMAT = dwarf;
				ENABLE_STRICT_OBJC_MSGSEND = YES;
				ENABLE_TESTABILITY = YES;
				GCC_C_LANGUAGE_STANDARD = gnu11;
				GCC_DYNAMIC_NO_PIC = NO;
				GCC_NO_COMMON_BLOCKS = YES;
				GCC_OPTIMIZATION_LEVEL = 0;
				GCC_PREPROCESSOR_DEFINITIONS = (
					"DEBUG=1",
					"$(inherited)",
				);
				GCC_WARN_64_TO_32_BIT_CONVERSION = YES;
				GCC_WARN_ABOUT_RETURN_TYPE = YES_ERROR;
				GCC_WARN_UNDECLARED_SELECTOR = YES;
				GCC_WARN_UNINITIALIZED_AUTOS = YES_AGGRESSIVE;
				GCC_WARN_UNUSED_FUNCTION = YES;
				GCC_WARN_UNUSED_VARIABLE = YES;
				IPHONEOS_DEPLOYMENT_TARGET = 13.2;
				MTL_ENABLE_DEBUG_INFO = INCLUDE_SOURCE;
				MTL_FAST_MATH = YES;
				ONLY_ACTIVE_ARCH = YES;
				SDKROOT = iphoneos;
				SWIFT_ACTIVE_COMPILATION_CONDITIONS = DEBUG;
				SWIFT_OPTIMIZATION_LEVEL = "-Onone";
			};
			name = Debug;
		};
		63245594239F28A800E7D32C /* Release */ = {
			isa = XCBuildConfiguration;
			buildSettings = {
				ALWAYS_SEARCH_USER_PATHS = NO;
				CLANG_ANALYZER_NONNULL = YES;
				CLANG_ANALYZER_NUMBER_OBJECT_CONVERSION = YES_AGGRESSIVE;
				CLANG_CXX_LANGUAGE_STANDARD = "gnu++14";
				CLANG_CXX_LIBRARY = "libc++";
				CLANG_ENABLE_MODULES = YES;
				CLANG_ENABLE_OBJC_ARC = YES;
				CLANG_ENABLE_OBJC_WEAK = YES;
				CLANG_WARN_BLOCK_CAPTURE_AUTORELEASING = YES;
				CLANG_WARN_BOOL_CONVERSION = YES;
				CLANG_WARN_COMMA = YES;
				CLANG_WARN_CONSTANT_CONVERSION = YES;
				CLANG_WARN_DEPRECATED_OBJC_IMPLEMENTATIONS = YES;
				CLANG_WARN_DIRECT_OBJC_ISA_USAGE = YES_ERROR;
				CLANG_WARN_DOCUMENTATION_COMMENTS = YES;
				CLANG_WARN_EMPTY_BODY = YES;
				CLANG_WARN_ENUM_CONVERSION = YES;
				CLANG_WARN_INFINITE_RECURSION = YES;
				CLANG_WARN_INT_CONVERSION = YES;
				CLANG_WARN_NON_LITERAL_NULL_CONVERSION = YES;
				CLANG_WARN_OBJC_IMPLICIT_RETAIN_SELF = YES;
				CLANG_WARN_OBJC_LITERAL_CONVERSION = YES;
				CLANG_WARN_OBJC_ROOT_CLASS = YES_ERROR;
				CLANG_WARN_RANGE_LOOP_ANALYSIS = YES;
				CLANG_WARN_STRICT_PROTOTYPES = YES;
				CLANG_WARN_SUSPICIOUS_MOVE = YES;
				CLANG_WARN_UNGUARDED_AVAILABILITY = YES_AGGRESSIVE;
				CLANG_WARN_UNREACHABLE_CODE = YES;
				CLANG_WARN__DUPLICATE_METHOD_MATCH = YES;
				COPY_PHASE_STRIP = NO;
				DEBUG_INFORMATION_FORMAT = "dwarf-with-dsym";
				ENABLE_NS_ASSERTIONS = NO;
				ENABLE_STRICT_OBJC_MSGSEND = YES;
				GCC_C_LANGUAGE_STANDARD = gnu11;
				GCC_NO_COMMON_BLOCKS = YES;
				GCC_WARN_64_TO_32_BIT_CONVERSION = YES;
				GCC_WARN_ABOUT_RETURN_TYPE = YES_ERROR;
				GCC_WARN_UNDECLARED_SELECTOR = YES;
				GCC_WARN_UNINITIALIZED_AUTOS = YES_AGGRESSIVE;
				GCC_WARN_UNUSED_FUNCTION = YES;
				GCC_WARN_UNUSED_VARIABLE = YES;
				IPHONEOS_DEPLOYMENT_TARGET = 13.2;
				MTL_ENABLE_DEBUG_INFO = NO;
				MTL_FAST_MATH = YES;
				SDKROOT = iphoneos;
				SWIFT_COMPILATION_MODE = wholemodule;
				SWIFT_OPTIMIZATION_LEVEL = "-O";
				VALIDATE_PRODUCT = YES;
			};
			name = Release;
		};
		63245596239F28A800E7D32C /* Debug */ = {
			isa = XCBuildConfiguration;
			buildSettings = {
				ASSETCATALOG_COMPILER_APPICON_NAME = AppIcon;
				CODE_SIGN_STYLE = Automatic;
				FRAMEWORK_SEARCH_PATHS = ../data/api/build/bin/iosX64/debugFramework;
				INFOPLIST_FILE = "DroidKaigi 2020/Info.plist";
				LD_RUNPATH_SEARCH_PATHS = (
					"$(inherited)",
					"@executable_path/Frameworks",
				);
				PRODUCT_BUNDLE_IDENTIFIER = "io.github.droidkaigi.confsched2020.DroidKaigi-2020";
				PRODUCT_NAME = "$(TARGET_NAME)";
				SWIFT_VERSION = 5.0;
				TARGETED_DEVICE_FAMILY = "1,2";
			};
			name = Debug;
		};
		63245597239F28A800E7D32C /* Release */ = {
			isa = XCBuildConfiguration;
			buildSettings = {
				ASSETCATALOG_COMPILER_APPICON_NAME = AppIcon;
				CODE_SIGN_STYLE = Automatic;
				FRAMEWORK_SEARCH_PATHS = ../data/api/build/bin/iosX64/debugFramework;
				INFOPLIST_FILE = "DroidKaigi 2020/Info.plist";
				LD_RUNPATH_SEARCH_PATHS = (
					"$(inherited)",
					"@executable_path/Frameworks",
				);
				PRODUCT_BUNDLE_IDENTIFIER = "io.github.droidkaigi.confsched2020.DroidKaigi-2020";
				PRODUCT_NAME = "$(TARGET_NAME)";
				SWIFT_VERSION = 5.0;
				TARGETED_DEVICE_FAMILY = "1,2";
			};
			name = Release;
		};
		63245599239F28A800E7D32C /* Debug */ = {
			isa = XCBuildConfiguration;
			buildSettings = {
				ALWAYS_EMBED_SWIFT_STANDARD_LIBRARIES = YES;
				BUNDLE_LOADER = "$(TEST_HOST)";
				CODE_SIGN_STYLE = Automatic;
				INFOPLIST_FILE = "DroidKaigi 2020Tests/Info.plist";
				IPHONEOS_DEPLOYMENT_TARGET = 13.2;
				LD_RUNPATH_SEARCH_PATHS = (
					"$(inherited)",
					"@executable_path/Frameworks",
					"@loader_path/Frameworks",
				);
				PRODUCT_BUNDLE_IDENTIFIER = "io.github.droidkaigi.confsched2020.DroidKaigi-2020Tests";
				PRODUCT_NAME = "$(TARGET_NAME)";
				SWIFT_VERSION = 5.0;
				TARGETED_DEVICE_FAMILY = "1,2";
				TEST_HOST = "$(BUILT_PRODUCTS_DIR)/DroidKaigi 2020.app/DroidKaigi 2020";
			};
			name = Debug;
		};
		6324559A239F28A800E7D32C /* Release */ = {
			isa = XCBuildConfiguration;
			buildSettings = {
				ALWAYS_EMBED_SWIFT_STANDARD_LIBRARIES = YES;
				BUNDLE_LOADER = "$(TEST_HOST)";
				CODE_SIGN_STYLE = Automatic;
				INFOPLIST_FILE = "DroidKaigi 2020Tests/Info.plist";
				IPHONEOS_DEPLOYMENT_TARGET = 13.2;
				LD_RUNPATH_SEARCH_PATHS = (
					"$(inherited)",
					"@executable_path/Frameworks",
					"@loader_path/Frameworks",
				);
				PRODUCT_BUNDLE_IDENTIFIER = "io.github.droidkaigi.confsched2020.DroidKaigi-2020Tests";
				PRODUCT_NAME = "$(TARGET_NAME)";
				SWIFT_VERSION = 5.0;
				TARGETED_DEVICE_FAMILY = "1,2";
				TEST_HOST = "$(BUILT_PRODUCTS_DIR)/DroidKaigi 2020.app/DroidKaigi 2020";
			};
			name = Release;
		};
		6324559C239F28A800E7D32C /* Debug */ = {
			isa = XCBuildConfiguration;
			buildSettings = {
				ALWAYS_EMBED_SWIFT_STANDARD_LIBRARIES = YES;
				CODE_SIGN_STYLE = Automatic;
				INFOPLIST_FILE = "DroidKaigi 2020UITests/Info.plist";
				LD_RUNPATH_SEARCH_PATHS = (
					"$(inherited)",
					"@executable_path/Frameworks",
					"@loader_path/Frameworks",
				);
				PRODUCT_BUNDLE_IDENTIFIER = "io.github.droidkaigi.confsched2020.DroidKaigi-2020UITests";
				PRODUCT_NAME = "$(TARGET_NAME)";
				SWIFT_VERSION = 5.0;
				TARGETED_DEVICE_FAMILY = "1,2";
				TEST_TARGET_NAME = "DroidKaigi 2020";
			};
			name = Debug;
		};
		6324559D239F28A800E7D32C /* Release */ = {
			isa = XCBuildConfiguration;
			buildSettings = {
				ALWAYS_EMBED_SWIFT_STANDARD_LIBRARIES = YES;
				CODE_SIGN_STYLE = Automatic;
				INFOPLIST_FILE = "DroidKaigi 2020UITests/Info.plist";
				LD_RUNPATH_SEARCH_PATHS = (
					"$(inherited)",
					"@executable_path/Frameworks",
					"@loader_path/Frameworks",
				);
				PRODUCT_BUNDLE_IDENTIFIER = "io.github.droidkaigi.confsched2020.DroidKaigi-2020UITests";
				PRODUCT_NAME = "$(TARGET_NAME)";
				SWIFT_VERSION = 5.0;
				TARGETED_DEVICE_FAMILY = "1,2";
				TEST_TARGET_NAME = "DroidKaigi 2020";
			};
			name = Release;
		};
/* End XCBuildConfiguration section */

/* Begin XCConfigurationList section */
		63245566239F28A700E7D32C /* Build configuration list for PBXProject "DroidKaigi 2020" */ = {
			isa = XCConfigurationList;
			buildConfigurations = (
				63245593239F28A800E7D32C /* Debug */,
				63245594239F28A800E7D32C /* Release */,
			);
			defaultConfigurationIsVisible = 0;
			defaultConfigurationName = Release;
		};
		63245595239F28A800E7D32C /* Build configuration list for PBXNativeTarget "DroidKaigi 2020" */ = {
			isa = XCConfigurationList;
			buildConfigurations = (
				63245596239F28A800E7D32C /* Debug */,
				63245597239F28A800E7D32C /* Release */,
			);
			defaultConfigurationIsVisible = 0;
			defaultConfigurationName = Release;
		};
		63245598239F28A800E7D32C /* Build configuration list for PBXNativeTarget "DroidKaigi 2020Tests" */ = {
			isa = XCConfigurationList;
			buildConfigurations = (
				63245599239F28A800E7D32C /* Debug */,
				6324559A239F28A800E7D32C /* Release */,
			);
			defaultConfigurationIsVisible = 0;
			defaultConfigurationName = Release;
		};
		6324559B239F28A800E7D32C /* Build configuration list for PBXNativeTarget "DroidKaigi 2020UITests" */ = {
			isa = XCConfigurationList;
			buildConfigurations = (
				6324559C239F28A800E7D32C /* Debug */,
				6324559D239F28A800E7D32C /* Release */,
			);
			defaultConfigurationIsVisible = 0;
			defaultConfigurationName = Release;
		};
/* End XCConfigurationList section */
	};
	rootObject = 63245563239F28A700E7D32C /* Project object */;
}
